#MicroXplorer Configuration settings - do not modify
Mcu.Family=STM32L4
RCC.MSI_VALUE=4000000
ProjectManager.MainLocation=Core/Src
RCC.PLLQoutputFreq_Value=16000000
ProjectManager.ProjectFileName=test_transmitter_.ioc
RCC.SAI1Freq_Value=4571428.571428572
ProjectManager.KeepUserCode=true
Mcu.UserName=STM32L432KCUx
Mcu.PinsNb=9
SPI1.VirtualType=VM_MASTER
ProjectManager.NoMain=false
SPI1.IPParameters=VirtualType,Mode,Direction,CalculateBaudRate,DataSize,BaudRatePrescaler
CAN1.IPParameters=CalculateTimeQuantum,CalculateTimeBit,CalculateBaudRate
RCC.PLLSAI1RoutputFreq_Value=16000000
CAN1.CalculateBaudRate=83333
PA0.GPIO_Label=NRF24_IRQ
ProjectManager.functionlistsort=1-MX_GPIO_Init-GPIO-false-HAL-true,2-SystemClock_Config-RCC-false-HAL-false,3-MX_SPI1_Init-SPI1-false-HAL-true,4-MX_CAN1_Init-CAN1-false-HAL-true
PA11.Mode=CAN_Activate
SH.GPXTI0.ConfNb=1
PA3.GPIOParameters=GPIO_Label
ProjectManager.DefaultFWLocation=true
ProjectManager.DeletePrevious=true
PinOutPanel.RotationAngle=0
RCC.FamilyName=M
ProjectManager.StackSize=0x400
PB3\ (JTDO-TRACESWO).Signal=SPI1_SCK
Mcu.IP4=SYS
NVIC.SVCall_IRQn=true\:0\:0\:false\:false\:true\:false\:false
Mcu.IP2=RCC
Mcu.IP3=SPI1
Mcu.IP0=CAN1
Mcu.IP1=NVIC
PA12.Signal=CAN1_TX
Mcu.UserConstants=
RCC.VCOSAI1OutputFreq_Value=32000000
ProjectManager.TargetToolchain=STM32CubeIDE
Mcu.ThirdPartyNb=0
SPI1.Direction=SPI_DIRECTION_2LINES
Mcu.IPNb=5
ProjectManager.PreviousToolchain=
PB5.Locked=true
SPI1.CalculateBaudRate=250.0 KBits/s
Mcu.Pin6=PB4 (NJTRST)
Mcu.Pin7=PB5
ProjectManager.RegisterCallBack=
Mcu.Pin8=VP_SYS_VS_Systick
RCC.LSE_VALUE=32768
RCC.PLLSAI1PoutputFreq_Value=4571428.571428572
Mcu.Pin0=PA0
Mcu.Pin1=PA3
GPIO.groupedBy=Group By Peripherals
Mcu.Pin2=PA4
Mcu.Pin3=PA11
Mcu.Pin4=PA12
Mcu.Pin5=PB3 (JTDO-TRACESWO)
ProjectManager.ProjectBuild=false
RCC.HSE_VALUE=8000000
NVIC.UsageFault_IRQn=true\:0\:0\:false\:false\:true\:false\:false
PA0.Locked=true
NVIC.DebugMonitor_IRQn=true\:0\:0\:false\:false\:true\:false\:false
board=custom
PA4.Locked=true
RCC.VCOOutputFreq_Value=32000000
NVIC.SysTick_IRQn=true\:0\:0\:false\:false\:true\:false\:true
ProjectManager.LastFirmware=true
ProjectManager.FirmwarePackage=STM32Cube FW_L4 V1.17.0
MxDb.Version=DB.6.0.21
ProjectManager.BackupPrevious=false
MxCube.Version=6.2.1
RCC.VCOInputFreq_Value=4000000
SPI1.Mode=SPI_MODE_MASTER
PB3\ (JTDO-TRACESWO).Mode=Full_Duplex_Master
RCC.PLLSAI1QoutputFreq_Value=16000000
PB5.Mode=Full_Duplex_Master
SPI1.DataSize=SPI_DATASIZE_8BIT
File.Version=6
VP_SYS_VS_Systick.Mode=SysTick
NVIC.NonMaskableInt_IRQn=true\:0\:0\:false\:false\:true\:false\:false
RCC.PLLRCLKFreq_Value=16000000
PA4.GPIOParameters=GPIO_Label
NVIC.PendSV_IRQn=true\:0\:0\:false\:false\:true\:false\:false
PB4\ (NJTRST).Mode=Full_Duplex_Master
ProjectManager.FreePins=false
RCC.IPParameters=FamilyName,HSE_VALUE,HSI48_VALUE,HSI_VALUE,LSCOPinFreq_Value,LSE_VALUE,LSI_VALUE,MSI_VALUE,PLLPoutputFreq_Value,PLLQoutputFreq_Value,PLLRCLKFreq_Value,PLLSAI1PoutputFreq_Value,PLLSAI1QoutputFreq_Value,PLLSAI1RoutputFreq_Value,SAI1Freq_Value,VCOInputFreq_Value,VCOOutputFreq_Value,VCOSAI1OutputFreq_Value
ProjectManager.AskForMigrate=true
Mcu.Name=STM32L432K(B-C)Ux
ProjectManager.HalAssertFull=false
ProjectManager.ProjectName=test_transmitter_
ProjectManager.UnderRoot=true
PA0.Signal=GPXTI0
ProjectManager.CoupleFile=true
PB4\ (NJTRST).Locked=true
NVIC.EXTI0_IRQn=true\:0\:0\:false\:false\:true\:true\:true
PA4.Signal=GPIO_Output
PB5.Signal=SPI1_MOSI
Mcu.Package=UFQFPN32
PA3.Locked=true
PA12.Mode=CAN_Activate
NVIC.ForceEnableDMAVector=true
KeepUserPlacement=false
NVIC.MemoryManagement_IRQn=true\:0\:0\:false\:false\:true\:false\:false
ProjectManager.CompilerOptimize=6
ProjectManager.ToolChainLocation=
RCC.LSI_VALUE=32000
VP_SYS_VS_Systick.Signal=SYS_VS_Systick
PA11.Signal=CAN1_RX
SH.GPXTI0.0=GPIO_EXTI0
RCC.LSCOPinFreq_Value=32000
ProjectManager.HeapSize=0x200
PA0.GPIOParameters=GPIO_Label
NVIC.HardFault_IRQn=true\:0\:0\:false\:false\:true\:false\:false
ProjectManager.ComputerToolchain=false
RCC.HSI_VALUE=16000000
NVIC.PriorityGroup=NVIC_PRIORITYGROUP_4
RCC.PLLPoutputFreq_Value=4571428.571428572
NVIC.BusFault_IRQn=true\:0\:0\:false\:false\:true\:false\:false
SPI1.BaudRatePrescaler=SPI_BAUDRATEPRESCALER_16
CAN1.CalculateTimeBit=12000.00
PA4.GPIO_Label=NRF24_CSN
ProjectManager.CustomerFirmwarePackage=
ProjectManager.DeviceId=STM32L432KCUx
ProjectManager.LibraryCopy=1
NVIC.CAN1_RX0_IRQn=true\:0\:0\:false\:false\:true\:true\:true
RCC.HSI48_VALUE=48000000
PB3\ (JTDO-TRACESWO).Locked=true
PA3.GPIO_Label=NRF24_CE
CAN1.CalculateTimeQuantum=4000.0
PA3.Signal=GPIO_Output
PB4\ (NJTRST).Signal=SPI1_MISO
isbadioc=false
