#MicroXplorer Configuration settings - do not modify
Mcu.Family=STM32L4
RCC.MSI_VALUE=4000000
ProjectManager.MainLocation=Core/Src
PA14\ (JTCK-SWCLK).Mode=Serial_Wire
PA6.Mode=Full_Duplex_Master
PC7.GPIOParameters=GPIO_Label
RCC.PLLQoutputFreq_Value=16000000
ProjectManager.ProjectFileName=test_transmitter.ioc
RCC.SAI1Freq_Value=4571428.571428572
USART2.IPParameters=VirtualMode-Asynchronous
PA7.Mode=Full_Duplex_Master
ProjectManager.KeepUserCode=true
Mcu.UserName=STM32L476RGTx
Mcu.PinsNb=11
SPI1.VirtualType=VM_MASTER
ProjectManager.NoMain=false
SPI1.IPParameters=VirtualType,Mode,Direction,CalculateBaudRate,DataSize,BaudRatePrescaler
SH.GPXTI9.0=GPIO_EXTI9
PA9.GPIO_Label=NRF24_IRQ
RCC.PLLSAI1RoutputFreq_Value=16000000
PC7.Locked=true
ProjectManager.functionlistsort=1-MX_GPIO_Init-GPIO-false-HAL-true,2-SystemClock_Config-RCC-false-HAL-false,3-MX_SPI1_Init-SPI1-false-HAL-true
PA9.GPIOParameters=GPIO_Label
ProjectManager.DefaultFWLocation=true
PB6.GPIO_Label=NRF24_CE
ProjectManager.DeletePrevious=true
RCC.VCOSAI2OutputFreq_Value=32000000
PinOutPanel.RotationAngle=0
RCC.FamilyName=M
ProjectManager.StackSize=0x400
PA14\ (JTCK-SWCLK).Signal=SYS_JTCK-SWCLK
PA3.Mode=Asynchronous
Mcu.IP4=USART2
NVIC.SVCall_IRQn=true\:0\:0\:false\:false\:true\:false\:false
Mcu.IP2=SPI1
Mcu.IP3=SYS
Mcu.IP0=NVIC
Mcu.IP1=RCC
Mcu.UserConstants=
RCC.VCOSAI1OutputFreq_Value=32000000
ProjectManager.TargetToolchain=STM32CubeIDE
Mcu.ThirdPartyNb=0
SPI1.Direction=SPI_DIRECTION_2LINES
Mcu.IPNb=5
ProjectManager.PreviousToolchain=
PA9.Signal=GPXTI9
PB6.Signal=GPIO_Output
PC7.Signal=GPIO_Output
SPI1.CalculateBaudRate=250.0 KBits/s
Mcu.Pin6=PA9
RCC.SAI2Freq_Value=4571428.571428572
Mcu.Pin7=PA13 (JTMS-SWDIO)
ProjectManager.RegisterCallBack=
Mcu.Pin8=PA14 (JTCK-SWCLK)
Mcu.Pin9=PB6
RCC.LSE_VALUE=32768
RCC.PLLSAI1PoutputFreq_Value=4571428.571428572
Mcu.Pin0=PA2
Mcu.Pin1=PA3
GPIO.groupedBy=Group By Peripherals
Mcu.Pin2=PA5
Mcu.Pin3=PA6
Mcu.Pin4=PA7
Mcu.Pin5=PC7
RCC.PLLSAI2RoutputFreq_Value=16000000
PA5.Signal=SPI1_SCK
ProjectManager.ProjectBuild=false
RCC.HSE_VALUE=8000000
NVIC.UsageFault_IRQn=true\:0\:0\:false\:false\:true\:false\:false
NVIC.DebugMonitor_IRQn=true\:0\:0\:false\:false\:true\:false\:false
board=custom
USART2.VirtualMode-Asynchronous=VM_ASYNC
RCC.VCOOutputFreq_Value=32000000
NVIC.SysTick_IRQn=true\:0\:0\:false\:false\:true\:false\:true
ProjectManager.LastFirmware=true
ProjectManager.FirmwarePackage=STM32Cube FW_L4 V1.17.0
MxDb.Version=DB.6.0.21
ProjectManager.BackupPrevious=false
MxCube.Version=6.2.1
RCC.VCOInputFreq_Value=4000000
SPI1.Mode=SPI_MODE_MASTER
RCC.PLLSAI1QoutputFreq_Value=16000000
SPI1.DataSize=SPI_DATASIZE_8BIT
File.Version=6
VP_SYS_VS_Systick.Mode=SysTick
PA9.Locked=true
NVIC.NonMaskableInt_IRQn=true\:0\:0\:false\:false\:true\:false\:false
RCC.PLLRCLKFreq_Value=16000000
PB6.Locked=true
NVIC.PendSV_IRQn=true\:0\:0\:false\:false\:true\:false\:false
ProjectManager.FreePins=false
RCC.IPParameters=FamilyName,HSE_VALUE,HSI_VALUE,LSCOPinFreq_Value,LSE_VALUE,LSI_VALUE,MSI_VALUE,PLLPoutputFreq_Value,PLLQoutputFreq_Value,PLLRCLKFreq_Value,PLLSAI1PoutputFreq_Value,PLLSAI1QoutputFreq_Value,PLLSAI1RoutputFreq_Value,PLLSAI2PoutputFreq_Value,PLLSAI2RoutputFreq_Value,SAI1Freq_Value,SAI2Freq_Value,VCOInputFreq_Value,VCOOutputFreq_Value,VCOSAI1OutputFreq_Value,VCOSAI2OutputFreq_Value
ProjectManager.AskForMigrate=true
Mcu.Name=STM32L476R(C-E-G)Tx
PB6.GPIOParameters=GPIO_Label
ProjectManager.HalAssertFull=false
PA2.Signal=USART2_TX
ProjectManager.ProjectName=test_transmitter
ProjectManager.UnderRoot=true
PC7.GPIO_Label=NRF24_CSN
ProjectManager.CoupleFile=true
PA13\ (JTMS-SWDIO).Mode=Serial_Wire
Mcu.Package=LQFP64
PA6.Signal=SPI1_MISO
NVIC.ForceEnableDMAVector=true
RCC.PLLSAI2PoutputFreq_Value=4571428.571428572
KeepUserPlacement=false
NVIC.MemoryManagement_IRQn=true\:0\:0\:false\:false\:true\:false\:false
ProjectManager.CompilerOptimize=6
ProjectManager.ToolChainLocation=
RCC.LSI_VALUE=32000
VP_SYS_VS_Systick.Signal=SYS_VS_Systick
NVIC.EXTI9_5_IRQn=true\:0\:0\:false\:false\:true\:true\:true
SH.GPXTI9.ConfNb=1
RCC.LSCOPinFreq_Value=32000
ProjectManager.HeapSize=0x200
NVIC.HardFault_IRQn=true\:0\:0\:false\:false\:true\:false\:false
ProjectManager.ComputerToolchain=false
RCC.HSI_VALUE=16000000
NVIC.PriorityGroup=NVIC_PRIORITYGROUP_4
RCC.PLLPoutputFreq_Value=4571428.571428572
Mcu.Pin10=VP_SYS_VS_Systick
PA2.Mode=Asynchronous
NVIC.BusFault_IRQn=true\:0\:0\:false\:false\:true\:false\:false
PA13\ (JTMS-SWDIO).Signal=SYS_JTMS-SWDIO
SPI1.BaudRatePrescaler=SPI_BAUDRATEPRESCALER_16
ProjectManager.CustomerFirmwarePackage=
ProjectManager.DeviceId=STM32L476RGTx
ProjectManager.LibraryCopy=1
PA3.Signal=USART2_RX
PA5.Mode=Full_Duplex_Master
PA7.Signal=SPI1_MOSI
isbadioc=false
